{
	"name": "@guildedjs/guilded.js",
	"version": "1.0.7",
	"lockfileVersion": 2,
	"requires": true,
	"packages": {
		"": {
			"name": "@guildedjs/guilded.js",
			"version": "1.0.7",
			"license": "MIT",
			"dependencies": {
				"@discordjs/collection": "^0.1.6",
				"node-fetch": "^2.6.1",
				"uuid": "^8.3.2",
				"ws": "^7.4.0"
			},
			"devDependencies": {
				"@guildedjs/guilded-api-typings": "^1.0.6",
				"@types/node": "^14.14.9",
				"@types/node-fetch": "^2.5.8",
				"@types/uuid": "^8.3.0",
				"@types/ws": "^7.4.0",
				"dotenv": "^8.2.0",
				"typescript": "^3.9.7"
			}
		},
		"node_modules/@discordjs/collection": {
			"version": "0.1.6",
			"license": "Apache-2.0"
		},
		"node_modules/@guildedjs/guilded-api-typings": {
			"version": "1.0.6",
			"resolved": "https://registry.npmjs.org/@guildedjs/guilded-api-typings/-/guilded-api-typings-1.0.6.tgz",
			"integrity": "sha512-cUXqPsnBuXLmwZ1MIlzqeVQz3LegkuXhkexd1jEfnS5UkxLTM7+Wn+mMOy66fe7ze7cNWYIeQKWygc+gEds6TQ==",
			"dev": true
		},
		"node_modules/@types/node": {
			"version": "14.14.16",
			"dev": true,
			"license": "MIT"
		},
		"node_modules/@types/node-fetch": {
			"version": "2.5.8",
			"resolved": "https://registry.npmjs.org/@types/node-fetch/-/node-fetch-2.5.8.tgz",
			"integrity": "sha512-fbjI6ja0N5ZA8TV53RUqzsKNkl9fv8Oj3T7zxW7FGv1GSH7gwJaNF8dzCjrqKaxKeUpTz4yT1DaJFq/omNpGfw==",
			"dev": true,
			"dependencies": {
				"@types/node": "*",
				"form-data": "^3.0.0"
			}
		},
		"node_modules/@types/uuid": {
			"version": "8.3.0",
			"dev": true,
			"license": "MIT"
		},
		"node_modules/@types/ws": {
			"version": "7.4.0",
			"dev": true,
			"license": "MIT",
			"dependencies": {
				"@types/node": "*"
			}
		},
		"node_modules/asynckit": {
			"version": "0.4.0",
			"resolved": "https://registry.npmjs.org/asynckit/-/asynckit-0.4.0.tgz",
			"integrity": "sha1-x57Zf380y48robyXkLzDZkdLS3k=",
			"dev": true
		},
		"node_modules/combined-stream": {
			"version": "1.0.8",
			"resolved": "https://registry.npmjs.org/combined-stream/-/combined-stream-1.0.8.tgz",
			"integrity": "sha512-FQN4MRfuJeHf7cBbBMJFXhKSDq+2kAArBlmRBvcvFE5BB1HZKXtSFASDhdlz9zOYwxh8lDdnvmMOe/+5cdoEdg==",
			"dev": true,
			"dependencies": {
				"delayed-stream": "~1.0.0"
			},
			"engines": {
				"node": ">= 0.8"
			}
		},
		"node_modules/delayed-stream": {
			"version": "1.0.0",
			"resolved": "https://registry.npmjs.org/delayed-stream/-/delayed-stream-1.0.0.tgz",
			"integrity": "sha1-3zrhmayt+31ECqrgsp4icrJOxhk=",
			"dev": true,
			"engines": {
				"node": ">=0.4.0"
			}
		},
		"node_modules/dotenv": {
			"version": "8.2.0",
			"dev": true,
			"license": "BSD-2-Clause",
			"engines": {
				"node": ">=8"
			}
		},
		"node_modules/form-data": {
			"version": "3.0.1",
			"resolved": "https://registry.npmjs.org/form-data/-/form-data-3.0.1.tgz",
			"integrity": "sha512-RHkBKtLWUVwd7SqRIvCZMEvAMoGUp0XU+seQiZejj0COz3RI3hWP4sCv3gZWWLjJTd7rGwcsF5eKZGii0r/hbg==",
			"dev": true,
			"dependencies": {
				"asynckit": "^0.4.0",
				"combined-stream": "^1.0.8",
				"mime-types": "^2.1.12"
			},
			"engines": {
				"node": ">= 6"
			}
		},
		"node_modules/mime-db": {
			"version": "1.46.0",
			"resolved": "https://registry.npmjs.org/mime-db/-/mime-db-1.46.0.tgz",
			"integrity": "sha512-svXaP8UQRZ5K7or+ZmfNhg2xX3yKDMUzqadsSqi4NCH/KomcH75MAMYAGVlvXn4+b/xOPhS3I2uHKRUzvjY7BQ==",
			"dev": true,
			"engines": {
				"node": ">= 0.6"
			}
		},
		"node_modules/mime-types": {
			"version": "2.1.29",
			"resolved": "https://registry.npmjs.org/mime-types/-/mime-types-2.1.29.tgz",
			"integrity": "sha512-Y/jMt/S5sR9OaqteJtslsFZKWOIIqMACsJSiHghlCAyhf7jfVYjKBmLiX8OgpWeW+fjJ2b+Az69aPFPkUOY6xQ==",
			"dev": true,
			"dependencies": {
				"mime-db": "1.46.0"
			},
			"engines": {
				"node": ">= 0.6"
			}
		},
		"node_modules/node-fetch": {
			"version": "2.6.1",
			"license": "MIT",
			"engines": {
				"node": "4.x || >=6.0.0"
			}
		},
		"node_modules/typescript": {
			"version": "3.9.7",
			"dev": true,
			"license": "Apache-2.0",
			"bin": {
				"tsc": "bin/tsc",
				"tsserver": "bin/tsserver"
			},
			"engines": {
				"node": ">=4.2.0"
			}
		},
		"node_modules/uuid": {
			"version": "8.3.2",
			"license": "MIT",
			"bin": {
				"uuid": "dist/bin/uuid"
			}
		},
		"node_modules/ws": {
			"version": "7.4.6",
			"resolved": "https://registry.npmjs.org/ws/-/ws-7.4.6.tgz",
			"integrity": "sha512-YmhHDO4MzaDLB+M9ym/mDA5z0naX8j7SIlT8f8z+I0VtzsRbekxEutHSme7NPS2qE8StCYQNUnfWdXta/Yu85A==",
			"engines": {
				"node": ">=8.3.0"
			},
			"peerDependencies": {
				"bufferutil": "^4.0.1",
				"utf-8-validate": "^5.0.2"
			},
			"peerDependenciesMeta": {
				"bufferutil": {
					"optional": true
				},
				"utf-8-validate": {
					"optional": true
				}
			}
		}
	},
	"dependencies": {
		"@discordjs/collection": {
			"version": "0.1.6"
		},
		"@guildedjs/guilded-api-typings": {
			"version": "1.0.6",
			"resolved": "https://registry.npmjs.org/@guildedjs/guilded-api-typings/-/guilded-api-typings-1.0.6.tgz",
			"integrity": "sha512-cUXqPsnBuXLmwZ1MIlzqeVQz3LegkuXhkexd1jEfnS5UkxLTM7+Wn+mMOy66fe7ze7cNWYIeQKWygc+gEds6TQ==",
			"dev": true
		},
		"@types/node": {
			"version": "14.14.16",
			"dev": true
		},
		"@types/node-fetch": {
			"version": "2.5.8",
			"resolved": "https://registry.npmjs.org/@types/node-fetch/-/node-fetch-2.5.8.tgz",
			"integrity": "sha512-fbjI6ja0N5ZA8TV53RUqzsKNkl9fv8Oj3T7zxW7FGv1GSH7gwJaNF8dzCjrqKaxKeUpTz4yT1DaJFq/omNpGfw==",
			"dev": true,
			"requires": {
				"@types/node": "*",
				"form-data": "^3.0.0"
			}
		},
		"@types/uuid": {
			"version": "8.3.0",
			"dev": true
		},
		"@types/ws": {
			"version": "7.4.0",
			"dev": true,
			"requires": {
				"@types/node": "*"
			}
		},
		"asynckit": {
			"version": "0.4.0",
			"resolved": "https://registry.npmjs.org/asynckit/-/asynckit-0.4.0.tgz",
			"integrity": "sha1-x57Zf380y48robyXkLzDZkdLS3k=",
			"dev": true
		},
		"combined-stream": {
			"version": "1.0.8",
			"resolved": "https://registry.npmjs.org/combined-stream/-/combined-stream-1.0.8.tgz",
			"integrity": "sha512-FQN4MRfuJeHf7cBbBMJFXhKSDq+2kAArBlmRBvcvFE5BB1HZKXtSFASDhdlz9zOYwxh8lDdnvmMOe/+5cdoEdg==",
			"dev": true,
			"requires": {
				"delayed-stream": "~1.0.0"
			}
		},
		"delayed-stream": {
			"version": "1.0.0",
			"resolved": "https://registry.npmjs.org/delayed-stream/-/delayed-stream-1.0.0.tgz",
			"integrity": "sha1-3zrhmayt+31ECqrgsp4icrJOxhk=",
			"dev": true
		},
		"dotenv": {
			"version": "8.2.0",
			"dev": true
		},
		"form-data": {
			"version": "3.0.1",
			"resolved": "https://registry.npmjs.org/form-data/-/form-data-3.0.1.tgz",
			"integrity": "sha512-RHkBKtLWUVwd7SqRIvCZMEvAMoGUp0XU+seQiZejj0COz3RI3hWP4sCv3gZWWLjJTd7rGwcsF5eKZGii0r/hbg==",
			"dev": true,
			"requires": {
				"asynckit": "^0.4.0",
				"combined-stream": "^1.0.8",
				"mime-types": "^2.1.12"
			}
		},
		"mime-db": {
			"version": "1.46.0",
			"resolved": "https://registry.npmjs.org/mime-db/-/mime-db-1.46.0.tgz",
			"integrity": "sha512-svXaP8UQRZ5K7or+ZmfNhg2xX3yKDMUzqadsSqi4NCH/KomcH75MAMYAGVlvXn4+b/xOPhS3I2uHKRUzvjY7BQ==",
			"dev": true
		},
		"mime-types": {
			"version": "2.1.29",
			"resolved": "https://registry.npmjs.org/mime-types/-/mime-types-2.1.29.tgz",
			"integrity": "sha512-Y/jMt/S5sR9OaqteJtslsFZKWOIIqMACsJSiHghlCAyhf7jfVYjKBmLiX8OgpWeW+fjJ2b+Az69aPFPkUOY6xQ==",
			"dev": true,
			"requires": {
				"mime-db": "1.46.0"
			}
		},
		"node-fetch": {
			"version": "2.6.1"
		},
		"typescript": {
			"version": "3.9.7",
			"dev": true
		},
		"uuid": {
			"version": "8.3.2"
		},
		"ws": {
			"version": "7.4.6",
			"resolved": "https://registry.npmjs.org/ws/-/ws-7.4.6.tgz",
			"integrity": "sha512-YmhHDO4MzaDLB+M9ym/mDA5z0naX8j7SIlT8f8z+I0VtzsRbekxEutHSme7NPS2qE8StCYQNUnfWdXta/Yu85A==",
			"requires": {}
		}
	}
}
